
Microsoft Visual Studio Solution File, Format Version 12.00
# Visual Studio Version 17
VisualStudioVersion = 17.7.34024.191
MinimumVisualStudioVersion = 10.0.40219.1
Project("{8BC9CEB8-8B4A-11D0-8D11-00A0C91BC942}") = "pyitt", "pyitt.vcxproj", "{EDDF3615-863C-4246-A0DB-6714A1F258CF}"
EndProject
Global
	GlobalSection(SolutionConfigurationPlatforms) = preSolution
		Debug|Any CPU = Debug|Any CPU
		Debug|x64 = Debug|x64
		Debug|x86 = Debug|x86
		Release|Any CPU = Release|Any CPU
		Release|x64 = Release|x64
		Release|x86 = Release|x86
	EndGlobalSection
	GlobalSection(ProjectConfigurationPlatforms) = postSolution
		{EDDF3615-863C-4246-A0DB-6714A1F258CF}.Debug|Any CPU.ActiveCfg = Debug|x64
		{EDDF3615-863C-4246-A0DB-6714A1F258CF}.Debug|Any CPU.Build.0 = Debug|x64
		{EDDF3615-863C-4246-A0DB-6714A1F258CF}.Debug|x64.ActiveCfg = Debug|x64
		{EDDF3615-863C-4246-A0DB-6714A1F258CF}.Debug|x64.Build.0 = Debug|x64
		{EDDF3615-863C-4246-A0DB-6714A1F258CF}.Debug|x86.ActiveCfg = Debug|Win32
		{EDDF3615-863C-4246-A0DB-6714A1F258CF}.Debug|x86.Build.0 = Debug|Win32
		{EDDF3615-863C-4246-A0DB-6714A1F258CF}.Release|Any CPU.ActiveCfg = Release|x64
		{EDDF3615-863C-4246-A0DB-6714A1F258CF}.Release|Any CPU.Build.0 = Release|x64
		{EDDF3615-863C-4246-A0DB-6714A1F258CF}.Release|x64.ActiveCfg = Release|x64
		{EDDF3615-863C-4246-A0DB-6714A1F258CF}.Release|x64.Build.0 = Release|x64
		{EDDF3615-863C-4246-A0DB-6714A1F258CF}.Release|x86.ActiveCfg = Release|Win32
		{EDDF3615-863C-4246-A0DB-6714A1F258CF}.Release|x86.Build.0 = Release|Win32
		{16CFB068-DEF3-4002-AE48-A876AE8864FE}.Debug|Any CPU.ActiveCfg = Debug|Any CPU
		{16CFB068-DEF3-4002-AE48-A876AE8864FE}.Debug|x64.ActiveCfg = Debug|Any CPU
		{16CFB068-DEF3-4002-AE48-A876AE8864FE}.Debug|x86.ActiveCfg = Debug|Any CPU
		{16CFB068-DEF3-4002-AE48-A876AE8864FE}.Release|Any CPU.ActiveCfg = Release|Any CPU
		{16CFB068-DEF3-4002-AE48-A876AE8864FE}.Release|x64.ActiveCfg = Release|Any CPU
		{16CFB068-DEF3-4002-AE48-A876AE8864FE}.Release|x86.ActiveCfg = Release|Any CPU
	EndGlobalSection
	GlobalSection(SolutionProperties) = preSolution
		HideSolutionNode = FALSE
	EndGlobalSection
	GlobalSection(ExtensibilityGlobals) = postSolution
		SolutionGuid = {FBB6D25B-00AE-4D5A-ACE8-76728BCF117F}
	EndGlobalSection
EndGlobal
